
Microsoft Visual Studio Solution File, Format Version 12.00
# Visual Studio Version 16
VisualStudioVersion = 16.0.30204.135
MinimumVisualStudioVersion = 10.0.40219.1
Project("{FAE04EC0-301F-11D3-BF4B-00C04F79EFBC}") = "GCDClassLibrary", "GCDClassLibrary\GCDClassLibrary.csproj", "{7C4EE38F-8D0D-43F5-AF34-B6A8403E516C}"
EndProject
Project("{2150E333-8FDC-42A3-9474-1A3956D46DE8}") = "subtask1", "subtask1", "{F6CDEE08-EF09-44CC-BA77-50B5CF2E21B3}"
EndProject
Project("{FAE04EC0-301F-11D3-BF4B-00C04F79EFBC}") = "GCDUnitTestProject", "GCDUnitTestProject\GCDUnitTestProject.csproj", "{18FBBB86-7EE8-4581-BA95-28E5EEA7C959}"
EndProject
Global
	GlobalSection(SolutionConfigurationPlatforms) = preSolution
		Debug|Any CPU = Debug|Any CPU
		Release|Any CPU = Release|Any CPU
	EndGlobalSection
	GlobalSection(ProjectConfigurationPlatforms) = postSolution
		{7C4EE38F-8D0D-43F5-AF34-B6A8403E516C}.Debug|Any CPU.ActiveCfg = Debug|Any CPU
		{7C4EE38F-8D0D-43F5-AF34-B6A8403E516C}.Debug|Any CPU.Build.0 = Debug|Any CPU
		{7C4EE38F-8D0D-43F5-AF34-B6A8403E516C}.Release|Any CPU.ActiveCfg = Release|Any CPU
		{7C4EE38F-8D0D-43F5-AF34-B6A8403E516C}.Release|Any CPU.Build.0 = Release|Any CPU
		{18FBBB86-7EE8-4581-BA95-28E5EEA7C959}.Debug|Any CPU.ActiveCfg = Debug|Any CPU
		{18FBBB86-7EE8-4581-BA95-28E5EEA7C959}.Debug|Any CPU.Build.0 = Debug|Any CPU
		{18FBBB86-7EE8-4581-BA95-28E5EEA7C959}.Release|Any CPU.ActiveCfg = Release|Any CPU
		{18FBBB86-7EE8-4581-BA95-28E5EEA7C959}.Release|Any CPU.Build.0 = Release|Any CPU
	EndGlobalSection
	GlobalSection(SolutionProperties) = preSolution
		HideSolutionNode = FALSE
	EndGlobalSection
	GlobalSection(NestedProjects) = preSolution
		{7C4EE38F-8D0D-43F5-AF34-B6A8403E516C} = {F6CDEE08-EF09-44CC-BA77-50B5CF2E21B3}
		{18FBBB86-7EE8-4581-BA95-28E5EEA7C959} = {F6CDEE08-EF09-44CC-BA77-50B5CF2E21B3}
	EndGlobalSection
	GlobalSection(ExtensibilityGlobals) = postSolution
		SolutionGuid = {1745D9E8-18B8-464B-BA16-6235D8A88616}
	EndGlobalSection
EndGlobal
