
Microsoft Visual Studio Solution File, Format Version 12.00
# Visual Studio Version 16
VisualStudioVersion = 16.0.30309.148
MinimumVisualStudioVersion = 10.0.40219.1
Project("{FAE04EC0-301F-11D3-BF4B-00C04F79EFBC}") = "FiguresLibrary", "FiguresLibrary\FiguresLibrary.csproj", "{3EF3DC2E-C5C2-47DA-9C74-3013AF1FA8FE}"
EndProject
Project("{FAE04EC0-301F-11D3-BF4B-00C04F79EFBC}") = "ColorsLibrary", "ColorsLibrary\ColorsLibrary.csproj", "{1438140C-C3EF-4B3C-A8BA-99A714464E1A}"
EndProject
Project("{FAE04EC0-301F-11D3-BF4B-00C04F79EFBC}") = "SheetsLibrary", "SheetsLibrary\SheetsLibrary.csproj", "{AD9F53E6-24C4-4EA3-85CA-EE03035EA471}"
EndProject
Project("{FAE04EC0-301F-11D3-BF4B-00C04F79EFBC}") = "FiguresUnitTestProject", "FiguresUnitTestProject\FiguresUnitTestProject.csproj", "{87361E82-DB88-4D9E-AF47-FA007E80C172}"
EndProject
Project("{FAE04EC0-301F-11D3-BF4B-00C04F79EFBC}") = "FiguresBoxLibrary", "FiguresBoxLibrary\FiguresBoxLibrary.csproj", "{0C0449AE-E5F8-40D7-8ADC-73519CBA8B2D}"
EndProject
Global
	GlobalSection(SolutionConfigurationPlatforms) = preSolution
		Debug|Any CPU = Debug|Any CPU
		Release|Any CPU = Release|Any CPU
	EndGlobalSection
	GlobalSection(ProjectConfigurationPlatforms) = postSolution
		{3EF3DC2E-C5C2-47DA-9C74-3013AF1FA8FE}.Debug|Any CPU.ActiveCfg = Debug|Any CPU
		{3EF3DC2E-C5C2-47DA-9C74-3013AF1FA8FE}.Debug|Any CPU.Build.0 = Debug|Any CPU
		{3EF3DC2E-C5C2-47DA-9C74-3013AF1FA8FE}.Release|Any CPU.ActiveCfg = Release|Any CPU
		{3EF3DC2E-C5C2-47DA-9C74-3013AF1FA8FE}.Release|Any CPU.Build.0 = Release|Any CPU
		{1438140C-C3EF-4B3C-A8BA-99A714464E1A}.Debug|Any CPU.ActiveCfg = Debug|Any CPU
		{1438140C-C3EF-4B3C-A8BA-99A714464E1A}.Debug|Any CPU.Build.0 = Debug|Any CPU
		{1438140C-C3EF-4B3C-A8BA-99A714464E1A}.Release|Any CPU.ActiveCfg = Release|Any CPU
		{1438140C-C3EF-4B3C-A8BA-99A714464E1A}.Release|Any CPU.Build.0 = Release|Any CPU
		{AD9F53E6-24C4-4EA3-85CA-EE03035EA471}.Debug|Any CPU.ActiveCfg = Debug|Any CPU
		{AD9F53E6-24C4-4EA3-85CA-EE03035EA471}.Debug|Any CPU.Build.0 = Debug|Any CPU
		{AD9F53E6-24C4-4EA3-85CA-EE03035EA471}.Release|Any CPU.ActiveCfg = Release|Any CPU
		{AD9F53E6-24C4-4EA3-85CA-EE03035EA471}.Release|Any CPU.Build.0 = Release|Any CPU
		{87361E82-DB88-4D9E-AF47-FA007E80C172}.Debug|Any CPU.ActiveCfg = Debug|Any CPU
		{87361E82-DB88-4D9E-AF47-FA007E80C172}.Debug|Any CPU.Build.0 = Debug|Any CPU
		{87361E82-DB88-4D9E-AF47-FA007E80C172}.Release|Any CPU.ActiveCfg = Release|Any CPU
		{87361E82-DB88-4D9E-AF47-FA007E80C172}.Release|Any CPU.Build.0 = Release|Any CPU
		{0C0449AE-E5F8-40D7-8ADC-73519CBA8B2D}.Debug|Any CPU.ActiveCfg = Debug|Any CPU
		{0C0449AE-E5F8-40D7-8ADC-73519CBA8B2D}.Debug|Any CPU.Build.0 = Debug|Any CPU
		{0C0449AE-E5F8-40D7-8ADC-73519CBA8B2D}.Release|Any CPU.ActiveCfg = Release|Any CPU
		{0C0449AE-E5F8-40D7-8ADC-73519CBA8B2D}.Release|Any CPU.Build.0 = Release|Any CPU
	EndGlobalSection
	GlobalSection(SolutionProperties) = preSolution
		HideSolutionNode = FALSE
	EndGlobalSection
	GlobalSection(ExtensibilityGlobals) = postSolution
		SolutionGuid = {661327A1-75FD-432D-A804-D3BA66BD7445}
	EndGlobalSection
EndGlobal
